PODS:
  - Flutter (1.0.0)
  - viam_flutter_nmea (0.0.1):
    - Flutter

DEPENDENCIES:
  - Flutter (from `Flutter`)
  - viam_flutter_nmea (from `.symlinks/plugins/viam_flutter_nmea/ios`)

EXTERNAL SOURCES:
  Flutter:
    :path: Flutter
  viam_flutter_nmea:
    :path: ".symlinks/plugins/viam_flutter_nmea/ios"

SPEC CHECKSUMS:
  Flutter: e0871f40cf51350855a761d2e70bf5af5b9b5de7
  viam_flutter_nmea: b6fb237d93b425489e54e18c4496c5a1d72f2d61

PODFILE CHECKSUM: 819463e6a0290f5a72f145ba7cde16e8b6ef0796

COCOAPODS: 1.15.2
